
Microsoft Visual Studio Solution File, Format Version 12.00
# Visual Studio 2012
Project("{2150E333-8FDC-42A3-9474-1A3956D46DE8}") = "Src", "Src", "{2051168C-BE69-4CB3-84BD-D479DA2FC016}"
EndProject
Project("{FAE04EC0-301F-11D3-BF4B-00C04F79EFBC}") = "AlviSharp.Lib", "Src\AlviSharp.Lib\AlviSharp.Lib.csproj", "{989D56B6-BCC8-4A8F-A539-650465A338DA}"
EndProject
Project("{FAE04EC0-301F-11D3-BF4B-00C04F79EFBC}") = "AlviSharp.Validator", "Src\AlvisSharp.Validator\AlviSharp.Validator.csproj", "{32CA86E5-1DED-410F-B8C9-2F919D8ECA8C}"
EndProject
Project("{FAE04EC0-301F-11D3-BF4B-00C04F79EFBC}") = "AlviSharp.Serializer", "Src\AlviSharp.Serializer\AlviSharp.Serializer.csproj", "{DE46321F-1C02-4138-9D52-6918831B22E8}"
EndProject
Project("{f2a71f9b-5d33-465a-a702-920d77279786}") = "AlviSharp.Parser", "Src\AlviSharp.Parser\AlviSharp.Parser.fsproj", "{67AED1F5-E248-4C1D-9296-270E9861E829}"
EndProject
Project("{FAE04EC0-301F-11D3-BF4B-00C04F79EFBC}") = "AlviSharp.Lts", "Src\AlviSharp.Lts\AlviSharp.Lts.csproj", "{065D34B7-867B-4F90-B118-DA8FA25FD690}"
EndProject
Project("{2150E333-8FDC-42A3-9474-1A3956D46DE8}") = "Tests", "Tests", "{5785B825-2F8D-4724-883C-1C9ACA8F3A68}"
EndProject
Project("{FAE04EC0-301F-11D3-BF4B-00C04F79EFBC}") = "AlviSharp.Validator.ITests", "Tests\AlviSharp.Validator.ITests\AlviSharp.Validator.ITests.csproj", "{27D0F1DC-54E9-41EB-AFC2-2FCD806D00DD}"
EndProject
Project("{FAE04EC0-301F-11D3-BF4B-00C04F79EFBC}") = "AlviSharp.Parser.ITests", "Tests\AlviSharp.Parser.ITests\AlviSharp.Parser.ITests.csproj", "{B5315853-18D6-4038-BDEE-4C0CE9C541F2}"
EndProject
Project("{2150E333-8FDC-42A3-9474-1A3956D46DE8}") = "Run", "Run", "{364FC5C0-A14C-473F-9EB1-C07B3D7FF43F}"
EndProject
Project("{FAE04EC0-301F-11D3-BF4B-00C04F79EFBC}") = "AlviSharp.Validator.Cmd", "Run\AlviSharp.Validator.Cmd\AlviSharp.Validator.Cmd.csproj", "{D6E0D889-0D46-4C7F-BAE7-FB0F1AB8DD5F}"
EndProject
Project("{FAE04EC0-301F-11D3-BF4B-00C04F79EFBC}") = "AlviSharp.Serializer.Cmd", "Run\AlviSharp.Serializer.Cmd\AlviSharp.Serializer.Cmd.csproj", "{32D1F583-FE78-4608-B017-48D4D09A6621}"
EndProject
Project("{f2a71f9b-5d33-465a-a702-920d77279786}") = "AlviSharp.Parser.Cmd", "Run\AlviSharp.Parser.Cmd\AlviSharp.Parser.Cmd.fsproj", "{315A55BA-0B86-485F-8FBA-682A7724EDD0}"
EndProject
Project("{FAE04EC0-301F-11D3-BF4B-00C04F79EFBC}") = "AlviSharp.Lts.Cmd", "Run\AlviSharp.Lts.Cmd\AlviSharp.Lts.Cmd.csproj", "{D6B22FFA-47F4-4A75-8F5A-A0D945887555}"
EndProject
Project("{2150E333-8FDC-42A3-9474-1A3956D46DE8}") = "Doc", "Doc", "{97A390A3-C348-4417-8AE3-3644E81E1B8E}"
EndProject
Project("{FAE04EC0-301F-11D3-BF4B-00C04F79EFBC}") = "Examples", "Doc\Examples.csproj", "{4573A364-6A2D-4121-9C91-75A48015883A}"
EndProject
Global
	GlobalSection(SolutionConfigurationPlatforms) = preSolution
		Debug|x86 = Debug|x86
		Release|x86 = Release|x86
	EndGlobalSection
	GlobalSection(ProjectConfigurationPlatforms) = postSolution
		{065D34B7-867B-4F90-B118-DA8FA25FD690}.Debug|x86.ActiveCfg = Debug|Any CPU
		{065D34B7-867B-4F90-B118-DA8FA25FD690}.Debug|x86.Build.0 = Debug|Any CPU
		{065D34B7-867B-4F90-B118-DA8FA25FD690}.Release|x86.ActiveCfg = Release|Any CPU
		{065D34B7-867B-4F90-B118-DA8FA25FD690}.Release|x86.Build.0 = Release|Any CPU
		{27D0F1DC-54E9-41EB-AFC2-2FCD806D00DD}.Debug|x86.ActiveCfg = Debug|Any CPU
		{27D0F1DC-54E9-41EB-AFC2-2FCD806D00DD}.Debug|x86.Build.0 = Debug|Any CPU
		{27D0F1DC-54E9-41EB-AFC2-2FCD806D00DD}.Release|x86.ActiveCfg = Release|Any CPU
		{27D0F1DC-54E9-41EB-AFC2-2FCD806D00DD}.Release|x86.Build.0 = Release|Any CPU
		{315A55BA-0B86-485F-8FBA-682A7724EDD0}.Debug|x86.ActiveCfg = Debug|x86
		{315A55BA-0B86-485F-8FBA-682A7724EDD0}.Debug|x86.Build.0 = Debug|x86
		{315A55BA-0B86-485F-8FBA-682A7724EDD0}.Release|x86.ActiveCfg = Release|x86
		{315A55BA-0B86-485F-8FBA-682A7724EDD0}.Release|x86.Build.0 = Release|x86
		{32CA86E5-1DED-410F-B8C9-2F919D8ECA8C}.Debug|x86.ActiveCfg = Debug|Any CPU
		{32CA86E5-1DED-410F-B8C9-2F919D8ECA8C}.Debug|x86.Build.0 = Debug|Any CPU
		{32CA86E5-1DED-410F-B8C9-2F919D8ECA8C}.Release|x86.ActiveCfg = Release|Any CPU
		{32CA86E5-1DED-410F-B8C9-2F919D8ECA8C}.Release|x86.Build.0 = Release|Any CPU
		{32D1F583-FE78-4608-B017-48D4D09A6621}.Debug|x86.ActiveCfg = Debug|x86
		{32D1F583-FE78-4608-B017-48D4D09A6621}.Debug|x86.Build.0 = Debug|x86
		{32D1F583-FE78-4608-B017-48D4D09A6621}.Release|x86.ActiveCfg = Release|x86
		{32D1F583-FE78-4608-B017-48D4D09A6621}.Release|x86.Build.0 = Release|x86
		{4573A364-6A2D-4121-9C91-75A48015883A}.Debug|x86.ActiveCfg = Debug|x86
		{4573A364-6A2D-4121-9C91-75A48015883A}.Debug|x86.Build.0 = Debug|x86
		{4573A364-6A2D-4121-9C91-75A48015883A}.Release|x86.ActiveCfg = Release|x86
		{4573A364-6A2D-4121-9C91-75A48015883A}.Release|x86.Build.0 = Release|x86
		{67AED1F5-E248-4C1D-9296-270E9861E829}.Debug|x86.ActiveCfg = Debug|Any CPU
		{67AED1F5-E248-4C1D-9296-270E9861E829}.Debug|x86.Build.0 = Debug|Any CPU
		{67AED1F5-E248-4C1D-9296-270E9861E829}.Release|x86.ActiveCfg = Release|Any CPU
		{67AED1F5-E248-4C1D-9296-270E9861E829}.Release|x86.Build.0 = Release|Any CPU
		{989D56B6-BCC8-4A8F-A539-650465A338DA}.Debug|x86.ActiveCfg = Debug|Any CPU
		{989D56B6-BCC8-4A8F-A539-650465A338DA}.Debug|x86.Build.0 = Debug|Any CPU
		{989D56B6-BCC8-4A8F-A539-650465A338DA}.Release|x86.ActiveCfg = Release|Any CPU
		{989D56B6-BCC8-4A8F-A539-650465A338DA}.Release|x86.Build.0 = Release|Any CPU
		{B5315853-18D6-4038-BDEE-4C0CE9C541F2}.Debug|x86.ActiveCfg = Debug|Any CPU
		{B5315853-18D6-4038-BDEE-4C0CE9C541F2}.Debug|x86.Build.0 = Debug|Any CPU
		{B5315853-18D6-4038-BDEE-4C0CE9C541F2}.Release|x86.ActiveCfg = Release|Any CPU
		{B5315853-18D6-4038-BDEE-4C0CE9C541F2}.Release|x86.Build.0 = Release|Any CPU
		{D6B22FFA-47F4-4A75-8F5A-A0D945887555}.Debug|x86.ActiveCfg = Debug|x86
		{D6B22FFA-47F4-4A75-8F5A-A0D945887555}.Debug|x86.Build.0 = Debug|x86
		{D6B22FFA-47F4-4A75-8F5A-A0D945887555}.Release|x86.ActiveCfg = Release|x86
		{D6B22FFA-47F4-4A75-8F5A-A0D945887555}.Release|x86.Build.0 = Release|x86
		{D6E0D889-0D46-4C7F-BAE7-FB0F1AB8DD5F}.Debug|x86.ActiveCfg = Debug|x86
		{D6E0D889-0D46-4C7F-BAE7-FB0F1AB8DD5F}.Debug|x86.Build.0 = Debug|x86
		{D6E0D889-0D46-4C7F-BAE7-FB0F1AB8DD5F}.Release|x86.ActiveCfg = Release|x86
		{D6E0D889-0D46-4C7F-BAE7-FB0F1AB8DD5F}.Release|x86.Build.0 = Release|x86
		{DE46321F-1C02-4138-9D52-6918831B22E8}.Debug|x86.ActiveCfg = Debug|Any CPU
		{DE46321F-1C02-4138-9D52-6918831B22E8}.Debug|x86.Build.0 = Debug|Any CPU
		{DE46321F-1C02-4138-9D52-6918831B22E8}.Release|x86.ActiveCfg = Release|Any CPU
		{DE46321F-1C02-4138-9D52-6918831B22E8}.Release|x86.Build.0 = Release|Any CPU
	EndGlobalSection
	GlobalSection(NestedProjects) = preSolution
		{989D56B6-BCC8-4A8F-A539-650465A338DA} = {2051168C-BE69-4CB3-84BD-D479DA2FC016}
		{32CA86E5-1DED-410F-B8C9-2F919D8ECA8C} = {2051168C-BE69-4CB3-84BD-D479DA2FC016}
		{DE46321F-1C02-4138-9D52-6918831B22E8} = {2051168C-BE69-4CB3-84BD-D479DA2FC016}
		{67AED1F5-E248-4C1D-9296-270E9861E829} = {2051168C-BE69-4CB3-84BD-D479DA2FC016}
		{065D34B7-867B-4F90-B118-DA8FA25FD690} = {2051168C-BE69-4CB3-84BD-D479DA2FC016}
		{27D0F1DC-54E9-41EB-AFC2-2FCD806D00DD} = {5785B825-2F8D-4724-883C-1C9ACA8F3A68}
		{B5315853-18D6-4038-BDEE-4C0CE9C541F2} = {5785B825-2F8D-4724-883C-1C9ACA8F3A68}
		{D6E0D889-0D46-4C7F-BAE7-FB0F1AB8DD5F} = {364FC5C0-A14C-473F-9EB1-C07B3D7FF43F}
		{32D1F583-FE78-4608-B017-48D4D09A6621} = {364FC5C0-A14C-473F-9EB1-C07B3D7FF43F}
		{315A55BA-0B86-485F-8FBA-682A7724EDD0} = {364FC5C0-A14C-473F-9EB1-C07B3D7FF43F}
		{D6B22FFA-47F4-4A75-8F5A-A0D945887555} = {364FC5C0-A14C-473F-9EB1-C07B3D7FF43F}
		{4573A364-6A2D-4121-9C91-75A48015883A} = {97A390A3-C348-4417-8AE3-3644E81E1B8E}
	EndGlobalSection
EndGlobal
